
Microsoft Visual Studio Solution File, Format Version 12.00
# Visual Studio Version 17
VisualStudioVersion = 17.5.33414.496
MinimumVisualStudioVersion = 10.0.40219.1
Project("{2150E333-8FDC-42A3-9474-1A3956D46DE8}") = "Solution Items", "Solution Items", "{C1181A4C-3F33-4042-8E01-F2E04314AD2A}"
	ProjectSection(SolutionItems) = preProject
		ArchiWork.html = ArchiWork.html
		CulinWork.html = CulinWork.html
		index.html = index.html
		Script1.js = Script1.js
		Script2.js = Script2.js
		Skills.html = Skills.html
		styleSheet1.css = styleSheet1.css
	EndProjectSection
EndProject
Global
	GlobalSection(SolutionProperties) = preSolution
		HideSolutionNode = FALSE
	EndGlobalSection
	GlobalSection(ExtensibilityGlobals) = postSolution
		SolutionGuid = {B99A6450-90A0-4FD5-91E6-FFEB945A55BD}
	EndGlobalSection
EndGlobal
